# THIS IS AN AUTOGENERATED FILE. DO NOT EDIT THIS FILE DIRECTLY.
# yarn lockfile v1


leaflet.locatecontrol@^0.72.0:
  version "0.72.0"
  resolved "https://registry.yarnpkg.com/leaflet.locatecontrol/-/leaflet.locatecontrol-0.72.0.tgz#7de5c109a0e10a928bae85e4996e5efa49a3c905"
  integrity sha512-enAf10UG9Z1bV0siTP/+vG/ZVncDqSA3V8c6iZ3s6KWL5Ngkk4A4mk9Ssefj46ey98I9HSYWqoS+k2Y7EaKjwQ==
